<?xml version="1.0" encoding="utf-8"?>
<Project ToolsVersion="4.0" xmlns="http://schemas.microsoft.com/developer/msbuild/2003">
  <ItemGroup>
    <Filter Include="Source Files">
      <UniqueIdentifier>{4FC737F1-C7A5-4376-A066-2A32D752A2FF}</UniqueIdentifier>
      <Extensions>cpp;c;cc;cxx;c++;cppm;ixx;def;odl;idl;hpj;bat;asm;asmx</Extensions>
    </Filter>
    <Filter Include="Header Files">
      <UniqueIdentifier>{93995380-89BD-4b04-88EB-625FBE52EBFB}</UniqueIdentifier>
      <Extensions>h;hh;hpp;hxx;h++;hm;inl;inc;ipp;xsd</Extensions>
    </Filter>
    <Filter Include="Resource Files">
      <UniqueIdentifier>{67DA6AB6-F800-4c08-8B7A-83BB121AAD01}</UniqueIdentifier>
      <Extensions>rc;ico;cur;bmp;dlg;rc2;rct;bin;rgs;gif;jpg;jpeg;jpe;resx;tiff;tif;png;wav;mfcribbon-ms</Extensions>
    </Filter>
    <Filter Include="Header Files\GUI">
      <UniqueIdentifier>{98d830bf-f2e0-49a1-898a-433d20917ad2}</UniqueIdentifier>
    </Filter>
    <Filter Include="Source Files\GUI">
      <UniqueIdentifier>{256ea48f-560e-47b0-9ca7-a56c0060528a}</UniqueIdentifier>
    </Filter>
    <Filter Include="Header Files\reader">
      <UniqueIdentifier>{b29cd4fa-9a27-492c-904c-6eb736c84aba}</UniqueIdentifier>
    </Filter>
    <Filter Include="Source Files\reader">
      <UniqueIdentifier>{672412e9-b8e7-4868-b01a-6cacddbff09c}</UniqueIdentifier>
    </Filter>
  </ItemGroup>
  <ItemGroup>
    <ClCompile Include="main.cpp">
      <Filter>Source Files</Filter>
    </ClCompile>
    <ClCompile Include="mainGUI.h">
      <Filter>Header Files\GUI</Filter>
    </ClCompile>
    <ClCompile Include="mainGUI.cpp">
      <Filter>Source Files\GUI</Filter>
    </ClCompile>
    <ClCompile Include="objectRenderReader.cpp">
      <Filter>Source Files\reader</Filter>
    </ClCompile>
    <ClCompile Include="math.cpp">
      <Filter>Source Files</Filter>
    </ClCompile>
    <ClCompile Include="entityReader.cpp">
      <Filter>Source Files\reader</Filter>
    </ClCompile>
    <ClCompile Include="playerReader.cpp">
      <Filter>Source Files\reader</Filter>
    </ClCompile>
  </ItemGroup>
  <ItemGroup>
    <ClInclude Include="objectRenderReader.h">
      <Filter>Header Files\reader</Filter>
    </ClInclude>
    <ClInclude Include="includes.h">
      <Filter>Header Files</Filter>
    </ClInclude>
    <ClInclude Include="math.h">
      <Filter>Header Files</Filter>
    </ClInclude>
    <ClInclude Include="entityReader.h">
      <Filter>Header Files\reader</Filter>
    </ClInclude>
    <ClInclude Include="renderObjects.h">
      <Filter>Header Files\reader</Filter>
    </ClInclude>
    <ClInclude Include="playerReader.h">
      <Filter>Header Files\reader</Filter>
    </ClInclude>
  </ItemGroup>
</Project>